
Microsoft Visual Studio Solution File, Format Version 12.00
# Visual Studio Version 16
VisualStudioVersion = 16.0.30413.136
MinimumVisualStudioVersion = 10.0.40219.1
Project("{FAE04EC0-301F-11D3-BF4B-00C04F79EFBC}") = "CreditCard", "CreditCard\CreditCard.csproj", "{E4FADDC4-5C27-4739-AD13-E11088EB4B4C}"
EndProject
Global
	GlobalSection(SolutionConfigurationPlatforms) = preSolution
		Debug|Any CPU = Debug|Any CPU
		Release|Any CPU = Release|Any CPU
	EndGlobalSection
	GlobalSection(ProjectConfigurationPlatforms) = postSolution
		{E4FADDC4-5C27-4739-AD13-E11088EB4B4C}.Debug|Any CPU.ActiveCfg = Debug|Any CPU
		{E4FADDC4-5C27-4739-AD13-E11088EB4B4C}.Debug|Any CPU.Build.0 = Debug|Any CPU
		{E4FADDC4-5C27-4739-AD13-E11088EB4B4C}.Release|Any CPU.ActiveCfg = Release|Any CPU
		{E4FADDC4-5C27-4739-AD13-E11088EB4B4C}.Release|Any CPU.Build.0 = Release|Any CPU
	EndGlobalSection
	GlobalSection(SolutionProperties) = preSolution
		HideSolutionNode = FALSE
	EndGlobalSection
	GlobalSection(ExtensibilityGlobals) = postSolution
		SolutionGuid = {E446BA9E-E8F5-466A-8A45-C7477F07B620}
	EndGlobalSection
EndGlobal
